
Microsoft Visual Studio Solution File, Format Version 12.00
# Visual Studio Version 16
VisualStudioVersion = 16.0.33927.289
MinimumVisualStudioVersion = 10.0.40219.1
Project("{FAE04EC0-301F-11D3-BF4B-00C04F79EFBC}") = "CeasarWeb", "CeasarWeb\CeasarWeb.csproj", "{97C1C80D-91F3-43B8-B415-9B87B907A66C}"
EndProject
Global
	GlobalSection(SolutionConfigurationPlatforms) = preSolution
		Debug|Any CPU = Debug|Any CPU
		Release|Any CPU = Release|Any CPU
	EndGlobalSection
	GlobalSection(ProjectConfigurationPlatforms) = postSolution
		{97C1C80D-91F3-43B8-B415-9B87B907A66C}.Debug|Any CPU.ActiveCfg = Debug|Any CPU
		{97C1C80D-91F3-43B8-B415-9B87B907A66C}.Debug|Any CPU.Build.0 = Debug|Any CPU
		{97C1C80D-91F3-43B8-B415-9B87B907A66C}.Release|Any CPU.ActiveCfg = Release|Any CPU
		{97C1C80D-91F3-43B8-B415-9B87B907A66C}.Release|Any CPU.Build.0 = Release|Any CPU
	EndGlobalSection
	GlobalSection(SolutionProperties) = preSolution
		HideSolutionNode = FALSE
	EndGlobalSection
	GlobalSection(ExtensibilityGlobals) = postSolution
		SolutionGuid = {C8FE340B-217E-43B8-BCA0-DB7AE8AFC253}
	EndGlobalSection
EndGlobal
